// !$*UTF8*$!
{
	archiveVersion = 1;
	classes = {
	};
	objectVersion = 50;
	objects = {

/* Begin PBXBuildFile section */
		82BD966E2146FF2500621148 /* Question.swift in Sources */ = {isa = PBXBuildFile; fileRef = 82BD966D2146FF2500621148 /* Question.swift */; };
		82BD96712147002000621148 /* QuestionController.swift in Sources */ = {isa = PBXBuildFile; fileRef = 82BD96702147002000621148 /* QuestionController.swift */; };
		82BD967421470B5500621148 /* QuestionsTableViewController.swift in Sources */ = {isa = PBXBuildFile; fileRef = 82BD967321470B5500621148 /* QuestionsTableViewController.swift */; };
		82BD967821470B8D00621148 /* QuestionsTableViewCell.swift in Sources */ = {isa = PBXBuildFile; fileRef = 82BD967721470B8D00621148 /* QuestionsTableViewCell.swift */; };
		82BD967A21470E9D00621148 /* AskQuestionViewController.swift in Sources */ = {isa = PBXBuildFile; fileRef = 82BD967921470E9D00621148 /* AskQuestionViewController.swift */; };
		82E24D012146FC3C00094BE5 /* AppDelegate.swift in Sources */ = {isa = PBXBuildFile; fileRef = 82E24D002146FC3C00094BE5 /* AppDelegate.swift */; };
		82E24D062146FC3C00094BE5 /* Main.storyboard in Resources */ = {isa = PBXBuildFile; fileRef = 82E24D042146FC3C00094BE5 /* Main.storyboard */; };
		82E24D082146FC3D00094BE5 /* Assets.xcassets in Resources */ = {isa = PBXBuildFile; fileRef = 82E24D072146FC3D00094BE5 /* Assets.xcassets */; };
		82E24D0B2146FC3D00094BE5 /* LaunchScreen.storyboard in Resources */ = {isa = PBXBuildFile; fileRef = 82E24D092146FC3D00094BE5 /* LaunchScreen.storyboard */; };
/* End PBXBuildFile section */

/* Begin PBXFileReference section */
		82BD966D2146FF2500621148 /* Question.swift */ = {isa = PBXFileReference; lastKnownFileType = sourcecode.swift; path = Question.swift; sourceTree = "<group>"; };
		82BD96702147002000621148 /* QuestionController.swift */ = {isa = PBXFileReference; lastKnownFileType = sourcecode.swift; path = QuestionController.swift; sourceTree = "<group>"; };
		82BD967321470B5500621148 /* QuestionsTableViewController.swift */ = {isa = PBXFileReference; lastKnownFileType = sourcecode.swift; path = QuestionsTableViewController.swift; sourceTree = "<group>"; };
		82BD967721470B8D00621148 /* QuestionsTableViewCell.swift */ = {isa = PBXFileReference; lastKnownFileType = sourcecode.swift; path = QuestionsTableViewCell.swift; sourceTree = "<group>"; };
		82BD967921470E9D00621148 /* AskQuestionViewController.swift */ = {isa = PBXFileReference; lastKnownFileType = sourcecode.swift; path = AskQuestionViewController.swift; sourceTree = "<group>"; };
		82E24CFD2146FC3C00094BE5 /* q-and-a.app */ = {isa = PBXFileReference; explicitFileType = wrapper.application; includeInIndex = 0; path = "q-and-a.app"; sourceTree = BUILT_PRODUCTS_DIR; };
		82E24D002146FC3C00094BE5 /* AppDelegate.swift */ = {isa = PBXFileReference; lastKnownFileType = sourcecode.swift; path = AppDelegate.swift; sourceTree = "<group>"; };
		82E24D052146FC3C00094BE5 /* Base */ = {isa = PBXFileReference; lastKnownFileType = file.storyboard; name = Base; path = Base.lproj/Main.storyboard; sourceTree = "<group>"; };
		82E24D072146FC3D00094BE5 /* Assets.xcassets */ = {isa = PBXFileReference; lastKnownFileType = folder.assetcatalog; path = Assets.xcassets; sourceTree = "<group>"; };
		82E24D0A2146FC3D00094BE5 /* Base */ = {isa = PBXFileReference; lastKnownFileType = file.storyboard; name = Base; path = Base.lproj/LaunchScreen.storyboard; sourceTree = "<group>"; };
		82E24D0C2146FC3D00094BE5 /* Info.plist */ = {isa = PBXFileReference; lastKnownFileType = text.plist.xml; path = Info.plist; sourceTree = "<group>"; };
/* End PBXFileReference section */

/* Begin PBXFrameworksBuildPhase section */
		82E24CFA2146FC3C00094BE5 /* Frameworks */ = {
			isa = PBXFrameworksBuildPhase;
			buildActionMask = 2147483647;
			files = (
			);
			runOnlyForDeploymentPostprocessing = 0;
		};
/* End PBXFrameworksBuildPhase section */

/* Begin PBXGroup section */
		82BD966F2146FF2900621148 /* Model */ = {
			isa = PBXGroup;
			children = (
				82BD966D2146FF2500621148 /* Question.swift */,
			);
			path = Model;
			sourceTree = "<group>";
		};
		82BD96722147002B00621148 /* Model Controller */ = {
			isa = PBXGroup;
			children = (
				82BD96702147002000621148 /* QuestionController.swift */,
			);
			path = "Model Controller";
			sourceTree = "<group>";
		};
		82BD967521470B5A00621148 /* View */ = {
			isa = PBXGroup;
			children = (
				82E24D042146FC3C00094BE5 /* Main.storyboard */,
			);
			path = View;
			sourceTree = "<group>";
		};
		82BD967621470B6000621148 /* View Controller */ = {
			isa = PBXGroup;
			children = (
				82BD967321470B5500621148 /* QuestionsTableViewController.swift */,
				82BD967721470B8D00621148 /* QuestionsTableViewCell.swift */,
				82BD967921470E9D00621148 /* AskQuestionViewController.swift */,
			);
			path = "View Controller";
			sourceTree = "<group>";
		};
		82E24CF42146FC3B00094BE5 = {
			isa = PBXGroup;
			children = (
				82E24CFF2146FC3C00094BE5 /* q-and-a */,
				82E24CFE2146FC3C00094BE5 /* Products */,
			);
			sourceTree = "<group>";
		};
		82E24CFE2146FC3C00094BE5 /* Products */ = {
			isa = PBXGroup;
			children = (
				82E24CFD2146FC3C00094BE5 /* q-and-a.app */,
			);
			name = Products;
			sourceTree = "<group>";
		};
		82E24CFF2146FC3C00094BE5 /* q-and-a */ = {
			isa = PBXGroup;
			children = (
				82BD967621470B6000621148 /* View Controller */,
				82BD967521470B5A00621148 /* View */,
				82BD96722147002B00621148 /* Model Controller */,
				82BD966F2146FF2900621148 /* Model */,
				82E24D122146FEC300094BE5 /* Supporting files */,
			);
			path = "q-and-a";
			sourceTree = "<group>";
		};
		82E24D122146FEC300094BE5 /* Supporting files */ = {
			isa = PBXGroup;
			children = (
				82E24D002146FC3C00094BE5 /* AppDelegate.swift */,
				82E24D072146FC3D00094BE5 /* Assets.xcassets */,
				82E24D092146FC3D00094BE5 /* LaunchScreen.storyboard */,
				82E24D0C2146FC3D00094BE5 /* Info.plist */,
			);
			path = "Supporting files";
			sourceTree = "<group>";
		};
/* End PBXGroup section */

/* Begin PBXNativeTarget section */
		82E24CFC2146FC3C00094BE5 /* q-and-a */ = {
			isa = PBXNativeTarget;
			buildConfigurationList = 82E24D0F2146FC3D00094BE5 /* Build configuration list for PBXNativeTarget "q-and-a" */;
			buildPhases = (
				82E24CF92146FC3C00094BE5 /* Sources */,
				82E24CFA2146FC3C00094BE5 /* Frameworks */,
				82E24CFB2146FC3C00094BE5 /* Resources */,
			);
			buildRules = (
			);
			dependencies = (
			);
			name = "q-and-a";
			productName = "q-and-a";
			productReference = 82E24CFD2146FC3C00094BE5 /* q-and-a.app */;
			productType = "com.apple.product-type.application";
		};
/* End PBXNativeTarget section */

/* Begin PBXProject section */
		82E24CF52146FC3B00094BE5 /* Project object */ = {
			isa = PBXProject;
			attributes = {
				LastSwiftUpdateCheck = 0940;
				LastUpgradeCheck = 0940;
				ORGANIZATIONNAME = "Lambda School";
				TargetAttributes = {
					82E24CFC2146FC3C00094BE5 = {
						CreatedOnToolsVersion = 9.4.1;
					};
				};
			};
			buildConfigurationList = 82E24CF82146FC3B00094BE5 /* Build configuration list for PBXProject "q-and-a" */;
			compatibilityVersion = "Xcode 9.3";
			developmentRegion = en;
			hasScannedForEncodings = 0;
			knownRegions = (
				en,
				Base,
			);
			mainGroup = 82E24CF42146FC3B00094BE5;
			productRefGroup = 82E24CFE2146FC3C00094BE5 /* Products */;
			projectDirPath = "";
			projectRoot = "";
			targets = (
				82E24CFC2146FC3C00094BE5 /* q-and-a */,
			);
		};
/* End PBXProject section */

/* Begin PBXResourcesBuildPhase section */
		82E24CFB2146FC3C00094BE5 /* Resources */ = {
			isa = PBXResourcesBuildPhase;
			buildActionMask = 2147483647;
			files = (
				82E24D0B2146FC3D00094BE5 /* LaunchScreen.storyboard in Resources */,
				82E24D082146FC3D00094BE5 /* Assets.xcassets in Resources */,
				82E24D062146FC3C00094BE5 /* Main.storyboard in Resources */,
			);
			runOnlyForDeploymentPostprocessing = 0;
		};
/* End PBXResourcesBuildPhase section */

/* Begin PBXSourcesBuildPhase section */
		82E24CF92146FC3C00094BE5 /* Sources */ = {
			isa = PBXSourcesBuildPhase;
			buildActionMask = 2147483647;
			files = (
				82BD966E2146FF2500621148 /* Question.swift in Sources */,
				82E24D012146FC3C00094BE5 /* AppDelegate.swift in Sources */,
				82BD967A21470E9D00621148 /* AskQuestionViewController.swift in Sources */,
				82BD967821470B8D00621148 /* QuestionsTableViewCell.swift in Sources */,
				82BD96712147002000621148 /* QuestionController.swift in Sources */,
				82BD967421470B5500621148 /* QuestionsTableViewController.swift in Sources */,
			);
			runOnlyForDeploymentPostprocessing = 0;
		};
/* End PBXSourcesBuildPhase section */

/* Begin PBXVariantGroup section */
		82E24D042146FC3C00094BE5 /* Main.storyboard */ = {
			isa = PBXVariantGroup;
			children = (
				82E24D052146FC3C00094BE5 /* Base */,
			);
			name = Main.storyboard;
			sourceTree = "<group>";
		};
		82E24D092146FC3D00094BE5 /* LaunchScreen.storyboard */ = {
			isa = PBXVariantGroup;
			children = (
				82E24D0A2146FC3D00094BE5 /* Base */,
			);
			name = LaunchScreen.storyboard;
			sourceTree = "<group>";
		};
/* End PBXVariantGroup section */

/* Begin XCBuildConfiguration section */
		82E24D0D2146FC3D00094BE5 /* Debug */ = {
			isa = XCBuildConfiguration;
			buildSettings = {
				ALWAYS_SEARCH_USER_PATHS = NO;
				CLANG_ANALYZER_NONNULL = YES;
				CLANG_ANALYZER_NUMBER_OBJECT_CONVERSION = YES_AGGRESSIVE;
				CLANG_CXX_LANGUAGE_STANDARD = "gnu++14";
				CLANG_CXX_LIBRARY = "libc++";
				CLANG_ENABLE_MODULES = YES;
				CLANG_ENABLE_OBJC_ARC = YES;
				CLANG_ENABLE_OBJC_WEAK = YES;
				CLANG_WARN_BLOCK_CAPTURE_AUTORELEASING = YES;
				CLANG_WARN_BOOL_CONVERSION = YES;
				CLANG_WARN_COMMA = YES;
				CLANG_WARN_CONSTANT_CONVERSION = YES;
				CLANG_WARN_DEPRECATED_OBJC_IMPLEMENTATIONS = YES;
				CLANG_WARN_DIRECT_OBJC_ISA_USAGE = YES_ERROR;
				CLANG_WARN_DOCUMENTATION_COMMENTS = YES;
				CLANG_WARN_EMPTY_BODY = YES;
				CLANG_WARN_ENUM_CONVERSION = YES;
				CLANG_WARN_INFINITE_RECURSION = YES;
				CLANG_WARN_INT_CONVERSION = YES;
				CLANG_WARN_NON_LITERAL_NULL_CONVERSION = YES;
				CLANG_WARN_OBJC_IMPLICIT_RETAIN_SELF = YES;
				CLANG_WARN_OBJC_LITERAL_CONVERSION = YES;
				CLANG_WARN_OBJC_ROOT_CLASS = YES_ERROR;
				CLANG_WARN_RANGE_LOOP_ANALYSIS = YES;
				CLANG_WARN_STRICT_PROTOTYPES = YES;
				CLANG_WARN_SUSPICIOUS_MOVE = YES;
				CLANG_WARN_UNGUARDED_AVAILABILITY = YES_AGGRESSIVE;
				CLANG_WARN_UNREACHABLE_CODE = YES;
				CLANG_WARN__DUPLICATE_METHOD_MATCH = YES;
				CODE_SIGN_IDENTITY = "iPhone Developer";
				COPY_PHASE_STRIP = NO;
				DEBUG_INFORMATION_FORMAT = dwarf;
				ENABLE_STRICT_OBJC_MSGSEND = YES;
				ENABLE_TESTABILITY = YES;
				GCC_C_LANGUAGE_STANDARD = gnu11;
				GCC_DYNAMIC_NO_PIC = NO;
				GCC_NO_COMMON_BLOCKS = YES;
				GCC_OPTIMIZATION_LEVEL = 0;
				GCC_PREPROCESSOR_DEFINITIONS = (
					"DEBUG=1",
					"$(inherited)",
				);
				GCC_WARN_64_TO_32_BIT_CONVERSION = YES;
				GCC_WARN_ABOUT_RETURN_TYPE = YES_ERROR;
				GCC_WARN_UNDECLARED_SELECTOR = YES;
				GCC_WARN_UNINITIALIZED_AUTOS = YES_AGGRESSIVE;
				GCC_WARN_UNUSED_FUNCTION = YES;
				GCC_WARN_UNUSED_VARIABLE = YES;
				IPHONEOS_DEPLOYMENT_TARGET = 11.4;
				MTL_ENABLE_DEBUG_INFO = YES;
				ONLY_ACTIVE_ARCH = YES;
				SDKROOT = iphoneos;
				SWIFT_ACTIVE_COMPILATION_CONDITIONS = DEBUG;
				SWIFT_OPTIMIZATION_LEVEL = "-Onone";
			};
			name = Debug;
		};
		82E24D0E2146FC3D00094BE5 /* Release */ = {
			isa = XCBuildConfiguration;
			buildSettings = {
				ALWAYS_SEARCH_USER_PATHS = NO;
				CLANG_ANALYZER_NONNULL = YES;
				CLANG_ANALYZER_NUMBER_OBJECT_CONVERSION = YES_AGGRESSIVE;
				CLANG_CXX_LANGUAGE_STANDARD = "gnu++14";
				CLANG_CXX_LIBRARY = "libc++";
				CLANG_ENABLE_MODULES = YES;
				CLANG_ENABLE_OBJC_ARC = YES;
				CLANG_ENABLE_OBJC_WEAK = YES;
				CLANG_WARN_BLOCK_CAPTURE_AUTORELEASING = YES;
				CLANG_WARN_BOOL_CONVERSION = YES;
				CLANG_WARN_COMMA = YES;
				CLANG_WARN_CONSTANT_CONVERSION = YES;
				CLANG_WARN_DEPRECATED_OBJC_IMPLEMENTATIONS = YES;
				CLANG_WARN_DIRECT_OBJC_ISA_USAGE = YES_ERROR;
				CLANG_WARN_DOCUMENTATION_COMMENTS = YES;
				CLANG_WARN_EMPTY_BODY = YES;
				CLANG_WARN_ENUM_CONVERSION = YES;
				CLANG_WARN_INFINITE_RECURSION = YES;
				CLANG_WARN_INT_CONVERSION = YES;
				CLANG_WARN_NON_LITERAL_NULL_CONVERSION = YES;
				CLANG_WARN_OBJC_IMPLICIT_RETAIN_SELF = YES;
				CLANG_WARN_OBJC_LITERAL_CONVERSION = YES;
				CLANG_WARN_OBJC_ROOT_CLASS = YES_ERROR;
				CLANG_WARN_RANGE_LOOP_ANALYSIS = YES;
				CLANG_WARN_STRICT_PROTOTYPES = YES;
				CLANG_WARN_SUSPICIOUS_MOVE = YES;
				CLANG_WARN_UNGUARDED_AVAILABILITY = YES_AGGRESSIVE;
				CLANG_WARN_UNREACHABLE_CODE = YES;
				CLANG_WARN__DUPLICATE_METHOD_MATCH = YES;
				CODE_SIGN_IDENTITY = "iPhone Developer";
				COPY_PHASE_STRIP = NO;
				DEBUG_INFORMATION_FORMAT = "dwarf-with-dsym";
				ENABLE_NS_ASSERTIONS = NO;
				ENABLE_STRICT_OBJC_MSGSEND = YES;
				GCC_C_LANGUAGE_STANDARD = gnu11;
				GCC_NO_COMMON_BLOCKS = YES;
				GCC_WARN_64_TO_32_BIT_CONVERSION = YES;
				GCC_WARN_ABOUT_RETURN_TYPE = YES_ERROR;
				GCC_WARN_UNDECLARED_SELECTOR = YES;
				GCC_WARN_UNINITIALIZED_AUTOS = YES_AGGRESSIVE;
				GCC_WARN_UNUSED_FUNCTION = YES;
				GCC_WARN_UNUSED_VARIABLE = YES;
				IPHONEOS_DEPLOYMENT_TARGET = 11.4;
				MTL_ENABLE_DEBUG_INFO = NO;
				SDKROOT = iphoneos;
				SWIFT_COMPILATION_MODE = wholemodule;
				SWIFT_OPTIMIZATION_LEVEL = "-O";
				VALIDATE_PRODUCT = YES;
			};
			name = Release;
		};
		82E24D102146FC3D00094BE5 /* Debug */ = {
			isa = XCBuildConfiguration;
			buildSettings = {
				ASSETCATALOG_COMPILER_APPICON_NAME = AppIcon;
				CODE_SIGN_STYLE = Automatic;
				INFOPLIST_FILE = "$(SRCROOT)/q-and-a/Supporting files/Info.plist";
				LD_RUNPATH_SEARCH_PATHS = (
					"$(inherited)",
					"@executable_path/Frameworks",
				);
				PRODUCT_BUNDLE_IDENTIFIER = "com.LambdaSchool.q-and-a";
				PRODUCT_NAME = "$(TARGET_NAME)";
				SWIFT_VERSION = 4.0;
				TARGETED_DEVICE_FAMILY = "1,2";
			};
			name = Debug;
		};
		82E24D112146FC3D00094BE5 /* Release */ = {
			isa = XCBuildConfiguration;
			buildSettings = {
				ASSETCATALOG_COMPILER_APPICON_NAME = AppIcon;
				CODE_SIGN_STYLE = Automatic;
				INFOPLIST_FILE = "$(SRCROOT)/q-and-a/Supporting files/Info.plist";
				LD_RUNPATH_SEARCH_PATHS = (
					"$(inherited)",
					"@executable_path/Frameworks",
				);
				PRODUCT_BUNDLE_IDENTIFIER = "com.LambdaSchool.q-and-a";
				PRODUCT_NAME = "$(TARGET_NAME)";
				SWIFT_VERSION = 4.0;
				TARGETED_DEVICE_FAMILY = "1,2";
			};
			name = Release;
		};
/* End XCBuildConfiguration section */

/* Begin XCConfigurationList section */
		82E24CF82146FC3B00094BE5 /* Build configuration list for PBXProject "q-and-a" */ = {
			isa = XCConfigurationList;
			buildConfigurations = (
				82E24D0D2146FC3D00094BE5 /* Debug */,
				82E24D0E2146FC3D00094BE5 /* Release */,
			);
			defaultConfigurationIsVisible = 0;
			defaultConfigurationName = Release;
		};
		82E24D0F2146FC3D00094BE5 /* Build configuration list for PBXNativeTarget "q-and-a" */ = {
			isa = XCConfigurationList;
			buildConfigurations = (
				82E24D102146FC3D00094BE5 /* Debug */,
				82E24D112146FC3D00094BE5 /* Release */,
			);
			defaultConfigurationIsVisible = 0;
			defaultConfigurationName = Release;
		};
/* End XCConfigurationList section */
	};
	rootObject = 82E24CF52146FC3B00094BE5 /* Project object */;
}
